
Microsoft Visual Studio Solution File, Format Version 12.00
# Visual Studio Version 16
VisualStudioVersion = 16.0.31112.23
MinimumVisualStudioVersion = 10.0.40219.1
Project("{FAE04EC0-301F-11D3-BF4B-00C04F79EFBC}") = "Spice", "Spice.csproj", "{9A734971-6D0B-4F41-880A-F487D9329B87}"
EndProject
Global
	GlobalSection(SolutionConfigurationPlatforms) = preSolution
		Debug|Any CPU = Debug|Any CPU
		Release|Any CPU = Release|Any CPU
	EndGlobalSection
	GlobalSection(ProjectConfigurationPlatforms) = postSolution
		{9A734971-6D0B-4F41-880A-F487D9329B87}.Debug|Any CPU.ActiveCfg = Debug|Any CPU
		{9A734971-6D0B-4F41-880A-F487D9329B87}.Debug|Any CPU.Build.0 = Debug|Any CPU
		{9A734971-6D0B-4F41-880A-F487D9329B87}.Release|Any CPU.ActiveCfg = Release|Any CPU
		{9A734971-6D0B-4F41-880A-F487D9329B87}.Release|Any CPU.Build.0 = Release|Any CPU
	EndGlobalSection
	GlobalSection(SolutionProperties) = preSolution
		HideSolutionNode = FALSE
	EndGlobalSection
	GlobalSection(ExtensibilityGlobals) = postSolution
		SolutionGuid = {D2475AE7-0044-4D1F-92C7-4EBC9E237758}
	EndGlobalSection
EndGlobal
